PODS:
  - Alamofire (5.9.1)
  - BrightFutures (8.2.0)
  - CryptoSwift (1.8.3)
  - DeviceKit (5.4.0)
  - Reach5 (7.0.0):
    - Alamofire (~> 5.8)
    - BrightFutures (~> 8.2.0)
    - CryptoSwift (~> 1.8)
    - DeviceKit (~> 5.1)
  - Reach5WeChat (7.0.0):
    - Reach5

DEPENDENCIES:
  - Reach5
  - Reach5WeChat (from `Reach5WeChat.podspec`)

SPEC REPOS:
  trunk:
    - Alamofire
    - BrightFutures
    - CryptoSwift
    - DeviceKit
    - Reach5

EXTERNAL SOURCES:
  Reach5WeChat:
    :path: Reach5WeChat.podspec

SPEC CHECKSUMS:
  Alamofire: f36a35757af4587d8e4f4bfa223ad10be2422b8c
  BrightFutures: 67e0e8cd974ab9f6c04650cc64153f7adf1ec489
  CryptoSwift: 967f37cea5a3294d9cce358f78861652155be483
  DeviceKit: bd34bb1766d926c3cc5a5f6e3e9a6dd10148b805
  Reach5: d5f162142895fe7120e1c0dd5a3ae0f7494fd58b
  Reach5WeChat: e7258ea11ff8f01145c249bc4882c8ac5cb585e0

PODFILE CHECKSUM: 7d5ecb901bbb89f3e7b596e14072b2d08e5a7707

COCOAPODS: 1.15.2
