PODS:
  - Alamofire (5.9.1)
  - BrightFutures (8.2.0)
  - CryptoSwift (1.8.2)
  - DeviceKit (5.4.0)
  - IdentitySdkCore (6.3.0):
    - Alamofire (~> 5.8)
    - BrightFutures (~> 8.2.0)
    - CryptoSwift (~> 1.8)
    - DeviceKit (~> 5.1)
  - IdentitySdkWeChat (6.4.0.beta):
    - IdentitySdkCore
    - WechatSwiftPod (~> 1)
  - WechatSwiftPod (1.9.2.1)

DEPENDENCIES:
  - IdentitySdkCore
  - IdentitySdkWeChat (from `IdentitySdkWeChat.podspec`)

SPEC REPOS:
  trunk:
    - Alamofire
    - BrightFutures
    - CryptoSwift
    - DeviceKit
    - IdentitySdkCore
    - WechatSwiftPod

EXTERNAL SOURCES:
  IdentitySdkWeChat:
    :path: IdentitySdkWeChat.podspec

SPEC CHECKSUMS:
  Alamofire: f36a35757af4587d8e4f4bfa223ad10be2422b8c
  BrightFutures: 67e0e8cd974ab9f6c04650cc64153f7adf1ec489
  CryptoSwift: c63a805d8bb5e5538e88af4e44bb537776af11ea
  DeviceKit: bd34bb1766d926c3cc5a5f6e3e9a6dd10148b805
  IdentitySdkCore: e74e8f81ce688fac4365183376e3b26f62f06b5f
  IdentitySdkWeChat: 492baf1fab343f3fc2232873c3009f715993c53a
  WechatSwiftPod: cc83e0f2ce9d310eb277d4309c948fc3532be57a

PODFILE CHECKSUM: de4bcd88bc9f5846e611c7a94eaeb93350304f7c

COCOAPODS: 1.15.2
